
Microsoft Visual Studio Solution File, Format Version 12.00
# Visual Studio Version 17
VisualStudioVersion = 17.8.34330.188
MinimumVisualStudioVersion = 10.0.40219.1
Project("{FAE04EC0-301F-11D3-BF4B-00C04F79EFBC}") = "TopicsAndSubscriptions", "TopicsAndSubscriptions\TopicsAndSubscriptions.csproj", "{654E826C-6464-43F3-964D-A1B9D4B6DC6F}"
EndProject
Project("{FAE04EC0-301F-11D3-BF4B-00C04F79EFBC}") = "WireTape", "WireTape\WireTape.csproj", "{D809FA6C-32A0-4D09-B25F-5081F06DCAC8}"
EndProject
Global
	GlobalSection(SolutionConfigurationPlatforms) = preSolution
		Debug|Any CPU = Debug|Any CPU
		Release|Any CPU = Release|Any CPU
	EndGlobalSection
	GlobalSection(ProjectConfigurationPlatforms) = postSolution
		{654E826C-6464-43F3-964D-A1B9D4B6DC6F}.Debug|Any CPU.ActiveCfg = Debug|Any CPU
		{654E826C-6464-43F3-964D-A1B9D4B6DC6F}.Debug|Any CPU.Build.0 = Debug|Any CPU
		{654E826C-6464-43F3-964D-A1B9D4B6DC6F}.Release|Any CPU.ActiveCfg = Release|Any CPU
		{654E826C-6464-43F3-964D-A1B9D4B6DC6F}.Release|Any CPU.Build.0 = Release|Any CPU
		{D809FA6C-32A0-4D09-B25F-5081F06DCAC8}.Debug|Any CPU.ActiveCfg = Debug|Any CPU
		{D809FA6C-32A0-4D09-B25F-5081F06DCAC8}.Debug|Any CPU.Build.0 = Debug|Any CPU
		{D809FA6C-32A0-4D09-B25F-5081F06DCAC8}.Release|Any CPU.ActiveCfg = Release|Any CPU
		{D809FA6C-32A0-4D09-B25F-5081F06DCAC8}.Release|Any CPU.Build.0 = Release|Any CPU
	EndGlobalSection
	GlobalSection(SolutionProperties) = preSolution
		HideSolutionNode = FALSE
	EndGlobalSection
	GlobalSection(ExtensibilityGlobals) = postSolution
		SolutionGuid = {0B893D3A-BC73-41CA-8CB2-8A575EF37D7C}
	EndGlobalSection
EndGlobal
