
Microsoft Visual Studio Solution File, Format Version 12.00
# Visual Studio Version 17
VisualStudioVersion = 17.8.34330.188
MinimumVisualStudioVersion = 10.0.40219.1
Project("{9A19103F-16F7-4668-BE54-9A1E7A4F7556}") = "BrokeredMessaging-Sender", "BrokeredMessaging-Sender\BrokeredMessaging-Sender.csproj", "{B6A8CB83-FA12-4A39-925F-E1C2B3861B00}"
EndProject
Project("{9A19103F-16F7-4668-BE54-9A1E7A4F7556}") = "BrokeredMessaging-Receiver", "BrokeredMessaging-Receiver\BrokeredMessaging-Receiver.csproj", "{AB79D83D-B7E5-4712-A62D-16B02B778F57}"
EndProject
Project("{9A19103F-16F7-4668-BE54-9A1E7A4F7556}") = "BrokeredMessaging-Conversations", "BrokeredMessaging-Conversations\BrokeredMessaging-Conversations.csproj", "{B3BA244D-5892-495C-BDC2-B0057EBCA540}"
EndProject
Project("{FAE04EC0-301F-11D3-BF4B-00C04F79EFBC}") = "GetMessagesFromQueue", "GetMessagesFromQueue\GetMessagesFromQueue.csproj", "{D4F66691-AC08-47FB-B16C-C1C0AEEA8AE7}"
EndProject
Global
	GlobalSection(SolutionConfigurationPlatforms) = preSolution
		Debug|Any CPU = Debug|Any CPU
		Release|Any CPU = Release|Any CPU
	EndGlobalSection
	GlobalSection(ProjectConfigurationPlatforms) = postSolution
		{B6A8CB83-FA12-4A39-925F-E1C2B3861B00}.Debug|Any CPU.ActiveCfg = Debug|Any CPU
		{B6A8CB83-FA12-4A39-925F-E1C2B3861B00}.Debug|Any CPU.Build.0 = Debug|Any CPU
		{B6A8CB83-FA12-4A39-925F-E1C2B3861B00}.Release|Any CPU.ActiveCfg = Release|Any CPU
		{B6A8CB83-FA12-4A39-925F-E1C2B3861B00}.Release|Any CPU.Build.0 = Release|Any CPU
		{AB79D83D-B7E5-4712-A62D-16B02B778F57}.Debug|Any CPU.ActiveCfg = Debug|Any CPU
		{AB79D83D-B7E5-4712-A62D-16B02B778F57}.Debug|Any CPU.Build.0 = Debug|Any CPU
		{AB79D83D-B7E5-4712-A62D-16B02B778F57}.Release|Any CPU.ActiveCfg = Release|Any CPU
		{AB79D83D-B7E5-4712-A62D-16B02B778F57}.Release|Any CPU.Build.0 = Release|Any CPU
		{B3BA244D-5892-495C-BDC2-B0057EBCA540}.Debug|Any CPU.ActiveCfg = Debug|Any CPU
		{B3BA244D-5892-495C-BDC2-B0057EBCA540}.Debug|Any CPU.Build.0 = Debug|Any CPU
		{B3BA244D-5892-495C-BDC2-B0057EBCA540}.Release|Any CPU.ActiveCfg = Release|Any CPU
		{B3BA244D-5892-495C-BDC2-B0057EBCA540}.Release|Any CPU.Build.0 = Release|Any CPU
		{D4F66691-AC08-47FB-B16C-C1C0AEEA8AE7}.Debug|Any CPU.ActiveCfg = Debug|Any CPU
		{D4F66691-AC08-47FB-B16C-C1C0AEEA8AE7}.Debug|Any CPU.Build.0 = Debug|Any CPU
		{D4F66691-AC08-47FB-B16C-C1C0AEEA8AE7}.Release|Any CPU.ActiveCfg = Release|Any CPU
		{D4F66691-AC08-47FB-B16C-C1C0AEEA8AE7}.Release|Any CPU.Build.0 = Release|Any CPU
	EndGlobalSection
	GlobalSection(SolutionProperties) = preSolution
		HideSolutionNode = FALSE
	EndGlobalSection
	GlobalSection(ExtensibilityGlobals) = postSolution
		SolutionGuid = {1E73B75C-31C9-446A-AC27-7568088534C0}
	EndGlobalSection
EndGlobal
